
Microsoft Visual Studio Solution File, Format Version 12.00
# Visual Studio 15
VisualStudioVersion = 15.0.26228.9
MinimumVisualStudioVersion = 10.0.40219.1
Project("{FAE04EC0-301F-11D3-BF4B-00C04F79EFBC}") = "WebApplication1", "WebApplication1\WebApplication1.csproj", "{D23B3971-4EDB-40D2-8245-307AFF5AE6A0}"
EndProject
Project("{FAE04EC0-301F-11D3-BF4B-00C04F79EFBC}") = "App.Model", "App.Model\App.Model.csproj", "{36382F83-ED6E-42B8-8A90-18817F0C3226}"
EndProject
Global
	GlobalSection(SolutionConfigurationPlatforms) = preSolution
		Debug|Any CPU = Debug|Any CPU
		Release|Any CPU = Release|Any CPU
	EndGlobalSection
	GlobalSection(ProjectConfigurationPlatforms) = postSolution
		{D23B3971-4EDB-40D2-8245-307AFF5AE6A0}.Debug|Any CPU.ActiveCfg = Debug|Any CPU
		{D23B3971-4EDB-40D2-8245-307AFF5AE6A0}.Debug|Any CPU.Build.0 = Debug|Any CPU
		{D23B3971-4EDB-40D2-8245-307AFF5AE6A0}.Release|Any CPU.ActiveCfg = Release|Any CPU
		{D23B3971-4EDB-40D2-8245-307AFF5AE6A0}.Release|Any CPU.Build.0 = Release|Any CPU
		{36382F83-ED6E-42B8-8A90-18817F0C3226}.Debug|Any CPU.ActiveCfg = Debug|Any CPU
		{36382F83-ED6E-42B8-8A90-18817F0C3226}.Debug|Any CPU.Build.0 = Debug|Any CPU
		{36382F83-ED6E-42B8-8A90-18817F0C3226}.Release|Any CPU.ActiveCfg = Release|Any CPU
		{36382F83-ED6E-42B8-8A90-18817F0C3226}.Release|Any CPU.Build.0 = Release|Any CPU
	EndGlobalSection
	GlobalSection(SolutionProperties) = preSolution
		HideSolutionNode = FALSE
	EndGlobalSection
EndGlobal
